// !$*UTF8*$!
{
	archiveVersion = 1;
	classes = {
	};
	objectVersion = 48;
	objects = {

/* Begin PBXBuildFile section */
		0708FF2CEE4C5A2F8F6D24A8 /* libPods-WritingEducationTests.a in Frameworks */ = {isa = PBXBuildFile; fileRef = 35CC8CCBA6D48E768E9D4301 /* libPods-WritingEducationTests.a */; };
		802D41771FDD7C860056FDF6 /* main.m in Sources */ = {isa = PBXBuildFile; fileRef = 802D41711FDD7C860056FDF6 /* main.m */; };
		802D41781FDD7C860056FDF6 /* AppDelegate.m in Sources */ = {isa = PBXBuildFile; fileRef = 802D41751FDD7C860056FDF6 /* AppDelegate.m */; };
		8036C9F11FDE829800AD2341 /* LoginViewController.m in Sources */ = {isa = PBXBuildFile; fileRef = 8036C9F01FDE829800AD2341 /* LoginViewController.m */; };
		8036C9F71FDE830000AD2341 /* BaseView.m in Sources */ = {isa = PBXBuildFile; fileRef = 8036C9F31FDE830000AD2341 /* BaseView.m */; };
		8036C9F81FDE830000AD2341 /* BaseViewController.m in Sources */ = {isa = PBXBuildFile; fileRef = 8036C9F41FDE830000AD2341 /* BaseViewController.m */; };
		8036CA151FDEBA3400AD2341 /* 20.png in Resources */ = {isa = PBXBuildFile; fileRef = 8036C9FE1FDEBA3200AD2341 /* 20.png */; };
		8036CA161FDEBA3400AD2341 /* 14.png in Resources */ = {isa = PBXBuildFile; fileRef = 8036C9FF1FDEBA3200AD2341 /* 14.png */; };
		8036CA171FDEBA3400AD2341 /* 2.png in Resources */ = {isa = PBXBuildFile; fileRef = 8036CA001FDEBA3200AD2341 /* 2.png */; };
		8036CA181FDEBA3400AD2341 /* 10.png in Resources */ = {isa = PBXBuildFile; fileRef = 8036CA011FDEBA3200AD2341 /* 10.png */; };
		8036CA191FDEBA3400AD2341 /* 17.png in Resources */ = {isa = PBXBuildFile; fileRef = 8036CA021FDEBA3200AD2341 /* 17.png */; };
		8036CA1A1FDEBA3400AD2341 /* 19.png in Resources */ = {isa = PBXBuildFile; fileRef = 8036CA031FDEBA3200AD2341 /* 19.png */; };
		8036CA1B1FDEBA3400AD2341 /* 3.png in Resources */ = {isa = PBXBuildFile; fileRef = 8036CA041FDEBA3200AD2341 /* 3.png */; };
		8036CA1C1FDEBA3400AD2341 /* 16.png in Resources */ = {isa = PBXBuildFile; fileRef = 8036CA051FDEBA3200AD2341 /* 16.png */; };
		8036CA1D1FDEBA3400AD2341 /* 4.png in Resources */ = {isa = PBXBuildFile; fileRef = 8036CA061FDEBA3300AD2341 /* 4.png */; };
		8036CA1E1FDEBA3400AD2341 /* 9.png in Resources */ = {isa = PBXBuildFile; fileRef = 8036CA071FDEBA3300AD2341 /* 9.png */; };
		8036CA1F1FDEBA3400AD2341 /* 13.png in Resources */ = {isa = PBXBuildFile; fileRef = 8036CA081FDEBA3300AD2341 /* 13.png */; };
		8036CA201FDEBA3400AD2341 /* 12.png in Resources */ = {isa = PBXBuildFile; fileRef = 8036CA091FDEBA3300AD2341 /* 12.png */; };
		8036CA211FDEBA3400AD2341 /* 21.png in Resources */ = {isa = PBXBuildFile; fileRef = 8036CA0A1FDEBA3300AD2341 /* 21.png */; };
		8036CA221FDEBA3400AD2341 /* 18.png in Resources */ = {isa = PBXBuildFile; fileRef = 8036CA0B1FDEBA3300AD2341 /* 18.png */; };
		8036CA231FDEBA3400AD2341 /* 1.png in Resources */ = {isa = PBXBuildFile; fileRef = 8036CA0C1FDEBA3300AD2341 /* 1.png */; };
		8036CA241FDEBA3400AD2341 /* 23.png in Resources */ = {isa = PBXBuildFile; fileRef = 8036CA0D1FDEBA3300AD2341 /* 23.png */; };
		8036CA251FDEBA3400AD2341 /* 8.png in Resources */ = {isa = PBXBuildFile; fileRef = 8036CA0E1FDEBA3300AD2341 /* 8.png */; };
		8036CA261FDEBA3400AD2341 /* 22.png in Resources */ = {isa = PBXBuildFile; fileRef = 8036CA0F1FDEBA3300AD2341 /* 22.png */; };
		8036CA271FDEBA3400AD2341 /* 11.png in Resources */ = {isa = PBXBuildFile; fileRef = 8036CA101FDEBA3400AD2341 /* 11.png */; };
		8036CA281FDEBA3400AD2341 /* 6.png in Resources */ = {isa = PBXBuildFile; fileRef = 8036CA111FDEBA3400AD2341 /* 6.png */; };
		8036CA291FDEBA3400AD2341 /* 5.png in Resources */ = {isa = PBXBuildFile; fileRef = 8036CA121FDEBA3400AD2341 /* 5.png */; };
		8036CA2A1FDEBA3400AD2341 /* 7.png in Resources */ = {isa = PBXBuildFile; fileRef = 8036CA131FDEBA3400AD2341 /* 7.png */; };
		8036CA2B1FDEBA3400AD2341 /* 15.png in Resources */ = {isa = PBXBuildFile; fileRef = 8036CA141FDEBA3400AD2341 /* 15.png */; };
		8036CA301FDECB6900AD2341 /* InputImageView.m in Sources */ = {isa = PBXBuildFile; fileRef = 8036CA2F1FDECB6900AD2341 /* InputImageView.m */; };
		80D1B9A21FDD7A3D00B751A9 /* LaunchScreen.storyboard in Resources */ = {isa = PBXBuildFile; fileRef = 80D1B9A01FDD7A3D00B751A9 /* LaunchScreen.storyboard */; };
		80D1B9AF1FDD7A3E00B751A9 /* WritingEducationTests.m in Sources */ = {isa = PBXBuildFile; fileRef = 80D1B9AE1FDD7A3E00B751A9 /* WritingEducationTests.m */; };
		80D1B9BA1FDD7A3E00B751A9 /* WritingEducationUITests.m in Sources */ = {isa = PBXBuildFile; fileRef = 80D1B9B91FDD7A3E00B751A9 /* WritingEducationUITests.m */; };
		B435A5FF3A3D28FCB0F91075 /* libPods-WritingEducationUITests.a in Frameworks */ = {isa = PBXBuildFile; fileRef = 7708D7AB12BF04351C67E59B /* libPods-WritingEducationUITests.a */; };
		B78CB38ABA73F3B14581F04E /* libPods-WritingEducation.a in Frameworks */ = {isa = PBXBuildFile; fileRef = 03DDA49AC1726E4FCE41B307 /* libPods-WritingEducation.a */; };
/* End PBXBuildFile section */

/* Begin PBXContainerItemProxy section */
		80D1B9AB1FDD7A3D00B751A9 /* PBXContainerItemProxy */ = {
			isa = PBXContainerItemProxy;
			containerPortal = 80D1B98A1FDD7A3D00B751A9 /* Project object */;
			proxyType = 1;
			remoteGlobalIDString = 80D1B9911FDD7A3D00B751A9;
			remoteInfo = WritingEducation;
		};
		80D1B9B61FDD7A3E00B751A9 /* PBXContainerItemProxy */ = {
			isa = PBXContainerItemProxy;
			containerPortal = 80D1B98A1FDD7A3D00B751A9 /* Project object */;
			proxyType = 1;
			remoteGlobalIDString = 80D1B9911FDD7A3D00B751A9;
			remoteInfo = WritingEducation;
		};
/* End PBXContainerItemProxy section */

/* Begin PBXFileReference section */
		03DDA49AC1726E4FCE41B307 /* libPods-WritingEducation.a */ = {isa = PBXFileReference; explicitFileType = archive.ar; includeInIndex = 0; path = "libPods-WritingEducation.a"; sourceTree = BUILT_PRODUCTS_DIR; };
		14C9C4CC17EECDEFE69705B3 /* Pods-WritingEducation.release.xcconfig */ = {isa = PBXFileReference; includeInIndex = 1; lastKnownFileType = text.xcconfig; name = "Pods-WritingEducation.release.xcconfig"; path = "Pods/Target Support Files/Pods-WritingEducation/Pods-WritingEducation.release.xcconfig"; sourceTree = "<group>"; };
		35CC8CCBA6D48E768E9D4301 /* libPods-WritingEducationTests.a */ = {isa = PBXFileReference; explicitFileType = archive.ar; includeInIndex = 0; path = "libPods-WritingEducationTests.a"; sourceTree = BUILT_PRODUCTS_DIR; };
		45FA9C3C6EC2BE878FE26AD1 /* Pods-WritingEducationUITests.debug.xcconfig */ = {isa = PBXFileReference; includeInIndex = 1; lastKnownFileType = text.xcconfig; name = "Pods-WritingEducationUITests.debug.xcconfig"; path = "Pods/Target Support Files/Pods-WritingEducationUITests/Pods-WritingEducationUITests.debug.xcconfig"; sourceTree = "<group>"; };
		4F9D79B255D2064D420973A7 /* Pods-WritingEducation.debug.xcconfig */ = {isa = PBXFileReference; includeInIndex = 1; lastKnownFileType = text.xcconfig; name = "Pods-WritingEducation.debug.xcconfig"; path = "Pods/Target Support Files/Pods-WritingEducation/Pods-WritingEducation.debug.xcconfig"; sourceTree = "<group>"; };
		596C5BAB8079C7BE3E6504F4 /* Pods-WritingEducationTests.debug.xcconfig */ = {isa = PBXFileReference; includeInIndex = 1; lastKnownFileType = text.xcconfig; name = "Pods-WritingEducationTests.debug.xcconfig"; path = "Pods/Target Support Files/Pods-WritingEducationTests/Pods-WritingEducationTests.debug.xcconfig"; sourceTree = "<group>"; };
		7708D7AB12BF04351C67E59B /* libPods-WritingEducationUITests.a */ = {isa = PBXFileReference; explicitFileType = archive.ar; includeInIndex = 0; path = "libPods-WritingEducationUITests.a"; sourceTree = BUILT_PRODUCTS_DIR; };
		802D416F1FDD7C850056FDF6 /* AppDelegate.h */ = {isa = PBXFileReference; lastKnownFileType = sourcecode.c.h; path = AppDelegate.h; sourceTree = "<group>"; };
		802D41701FDD7C850056FDF6 /* Info.plist */ = {isa = PBXFileReference; lastKnownFileType = text.plist.xml; path = Info.plist; sourceTree = "<group>"; };
		802D41711FDD7C860056FDF6 /* main.m */ = {isa = PBXFileReference; lastKnownFileType = sourcecode.c.objc; path = main.m; sourceTree = "<group>"; };
		802D41751FDD7C860056FDF6 /* AppDelegate.m */ = {isa = PBXFileReference; lastKnownFileType = sourcecode.c.objc; path = AppDelegate.m; sourceTree = "<group>"; };
		802D41761FDD7C860056FDF6 /* Assets.xcassets */ = {isa = PBXFileReference; lastKnownFileType = folder.assetcatalog; path = Assets.xcassets; sourceTree = "<group>"; };
		8036C9EF1FDE829800AD2341 /* LoginViewController.h */ = {isa = PBXFileReference; lastKnownFileType = sourcecode.c.h; path = LoginViewController.h; sourceTree = "<group>"; };
		8036C9F01FDE829800AD2341 /* LoginViewController.m */ = {isa = PBXFileReference; lastKnownFileType = sourcecode.c.objc; path = LoginViewController.m; sourceTree = "<group>"; };
		8036C9F31FDE830000AD2341 /* BaseView.m */ = {isa = PBXFileReference; fileEncoding = 4; lastKnownFileType = sourcecode.c.objc; path = BaseView.m; sourceTree = "<group>"; };
		8036C9F41FDE830000AD2341 /* BaseViewController.m */ = {isa = PBXFileReference; fileEncoding = 4; lastKnownFileType = sourcecode.c.objc; path = BaseViewController.m; sourceTree = "<group>"; };
		8036C9F51FDE830000AD2341 /* BaseView.h */ = {isa = PBXFileReference; fileEncoding = 4; lastKnownFileType = sourcecode.c.h; path = BaseView.h; sourceTree = "<group>"; };
		8036C9F61FDE830000AD2341 /* BaseViewController.h */ = {isa = PBXFileReference; fileEncoding = 4; lastKnownFileType = sourcecode.c.h; path = BaseViewController.h; sourceTree = "<group>"; };
		8036C9FC1FDE9FBA00AD2341 /* DefineMacro.h */ = {isa = PBXFileReference; lastKnownFileType = sourcecode.c.h; path = DefineMacro.h; sourceTree = "<group>"; };
		8036C9FE1FDEBA3200AD2341 /* 20.png */ = {isa = PBXFileReference; lastKnownFileType = image.png; path = 20.png; sourceTree = "<group>"; };
		8036C9FF1FDEBA3200AD2341 /* 14.png */ = {isa = PBXFileReference; lastKnownFileType = image.png; path = 14.png; sourceTree = "<group>"; };
		8036CA001FDEBA3200AD2341 /* 2.png */ = {isa = PBXFileReference; lastKnownFileType = image.png; path = 2.png; sourceTree = "<group>"; };
		8036CA011FDEBA3200AD2341 /* 10.png */ = {isa = PBXFileReference; lastKnownFileType = image.png; path = 10.png; sourceTree = "<group>"; };
		8036CA021FDEBA3200AD2341 /* 17.png */ = {isa = PBXFileReference; lastKnownFileType = image.png; path = 17.png; sourceTree = "<group>"; };
		8036CA031FDEBA3200AD2341 /* 19.png */ = {isa = PBXFileReference; lastKnownFileType = image.png; path = 19.png; sourceTree = "<group>"; };
		8036CA041FDEBA3200AD2341 /* 3.png */ = {isa = PBXFileReference; lastKnownFileType = image.png; path = 3.png; sourceTree = "<group>"; };
		8036CA051FDEBA3200AD2341 /* 16.png */ = {isa = PBXFileReference; lastKnownFileType = image.png; path = 16.png; sourceTree = "<group>"; };
		8036CA061FDEBA3300AD2341 /* 4.png */ = {isa = PBXFileReference; lastKnownFileType = image.png; path = 4.png; sourceTree = "<group>"; };
		8036CA071FDEBA3300AD2341 /* 9.png */ = {isa = PBXFileReference; lastKnownFileType = image.png; path = 9.png; sourceTree = "<group>"; };
		8036CA081FDEBA3300AD2341 /* 13.png */ = {isa = PBXFileReference; lastKnownFileType = image.png; path = 13.png; sourceTree = "<group>"; };
		8036CA091FDEBA3300AD2341 /* 12.png */ = {isa = PBXFileReference; lastKnownFileType = image.png; path = 12.png; sourceTree = "<group>"; };
		8036CA0A1FDEBA3300AD2341 /* 21.png */ = {isa = PBXFileReference; lastKnownFileType = image.png; path = 21.png; sourceTree = "<group>"; };
		8036CA0B1FDEBA3300AD2341 /* 18.png */ = {isa = PBXFileReference; lastKnownFileType = image.png; path = 18.png; sourceTree = "<group>"; };
		8036CA0C1FDEBA3300AD2341 /* 1.png */ = {isa = PBXFileReference; lastKnownFileType = image.png; path = 1.png; sourceTree = "<group>"; };
		8036CA0D1FDEBA3300AD2341 /* 23.png */ = {isa = PBXFileReference; lastKnownFileType = image.png; path = 23.png; sourceTree = "<group>"; };
		8036CA0E1FDEBA3300AD2341 /* 8.png */ = {isa = PBXFileReference; lastKnownFileType = image.png; path = 8.png; sourceTree = "<group>"; };
		8036CA0F1FDEBA3300AD2341 /* 22.png */ = {isa = PBXFileReference; lastKnownFileType = image.png; path = 22.png; sourceTree = "<group>"; };
		8036CA101FDEBA3400AD2341 /* 11.png */ = {isa = PBXFileReference; lastKnownFileType = image.png; path = 11.png; sourceTree = "<group>"; };
		8036CA111FDEBA3400AD2341 /* 6.png */ = {isa = PBXFileReference; lastKnownFileType = image.png; path = 6.png; sourceTree = "<group>"; };
		8036CA121FDEBA3400AD2341 /* 5.png */ = {isa = PBXFileReference; lastKnownFileType = image.png; path = 5.png; sourceTree = "<group>"; };
		8036CA131FDEBA3400AD2341 /* 7.png */ = {isa = PBXFileReference; lastKnownFileType = image.png; path = 7.png; sourceTree = "<group>"; };
		8036CA141FDEBA3400AD2341 /* 15.png */ = {isa = PBXFileReference; lastKnownFileType = image.png; path = 15.png; sourceTree = "<group>"; };
		8036CA2E1FDECB6900AD2341 /* InputImageView.h */ = {isa = PBXFileReference; lastKnownFileType = sourcecode.c.h; path = InputImageView.h; sourceTree = "<group>"; };
		8036CA2F1FDECB6900AD2341 /* InputImageView.m */ = {isa = PBXFileReference; lastKnownFileType = sourcecode.c.objc; path = InputImageView.m; sourceTree = "<group>"; };
		80D1B9921FDD7A3D00B751A9 /* WritingEducation.app */ = {isa = PBXFileReference; explicitFileType = wrapper.application; includeInIndex = 0; path = WritingEducation.app; sourceTree = BUILT_PRODUCTS_DIR; };
		80D1B9A11FDD7A3D00B751A9 /* Base */ = {isa = PBXFileReference; lastKnownFileType = file.storyboard; name = Base; path = Base.lproj/LaunchScreen.storyboard; sourceTree = "<group>"; };
		80D1B9AA1FDD7A3D00B751A9 /* WritingEducationTests.xctest */ = {isa = PBXFileReference; explicitFileType = wrapper.cfbundle; includeInIndex = 0; path = WritingEducationTests.xctest; sourceTree = BUILT_PRODUCTS_DIR; };
		80D1B9AE1FDD7A3E00B751A9 /* WritingEducationTests.m */ = {isa = PBXFileReference; lastKnownFileType = sourcecode.c.objc; path = WritingEducationTests.m; sourceTree = "<group>"; };
		80D1B9B01FDD7A3E00B751A9 /* Info.plist */ = {isa = PBXFileReference; lastKnownFileType = text.plist.xml; path = Info.plist; sourceTree = "<group>"; };
		80D1B9B51FDD7A3E00B751A9 /* WritingEducationUITests.xctest */ = {isa = PBXFileReference; explicitFileType = wrapper.cfbundle; includeInIndex = 0; path = WritingEducationUITests.xctest; sourceTree = BUILT_PRODUCTS_DIR; };
		80D1B9B91FDD7A3E00B751A9 /* WritingEducationUITests.m */ = {isa = PBXFileReference; lastKnownFileType = sourcecode.c.objc; path = WritingEducationUITests.m; sourceTree = "<group>"; };
		80D1B9BB1FDD7A3E00B751A9 /* Info.plist */ = {isa = PBXFileReference; lastKnownFileType = text.plist.xml; path = Info.plist; sourceTree = "<group>"; };
		9EB41FCBD2043782F5D01BE6 /* Pods-WritingEducationUITests.release.xcconfig */ = {isa = PBXFileReference; includeInIndex = 1; lastKnownFileType = text.xcconfig; name = "Pods-WritingEducationUITests.release.xcconfig"; path = "Pods/Target Support Files/Pods-WritingEducationUITests/Pods-WritingEducationUITests.release.xcconfig"; sourceTree = "<group>"; };
		D965B39D11124CFBCB580D46 /* Pods-WritingEducationTests.release.xcconfig */ = {isa = PBXFileReference; includeInIndex = 1; lastKnownFileType = text.xcconfig; name = "Pods-WritingEducationTests.release.xcconfig"; path = "Pods/Target Support Files/Pods-WritingEducationTests/Pods-WritingEducationTests.release.xcconfig"; sourceTree = "<group>"; };
/* End PBXFileReference section */

/* Begin PBXFrameworksBuildPhase section */
		80D1B98F1FDD7A3D00B751A9 /* Frameworks */ = {
			isa = PBXFrameworksBuildPhase;
			buildActionMask = 2147483647;
			files = (
				B78CB38ABA73F3B14581F04E /* libPods-WritingEducation.a in Frameworks */,
			);
			runOnlyForDeploymentPostprocessing = 0;
		};
		80D1B9A71FDD7A3D00B751A9 /* Frameworks */ = {
			isa = PBXFrameworksBuildPhase;
			buildActionMask = 2147483647;
			files = (
				0708FF2CEE4C5A2F8F6D24A8 /* libPods-WritingEducationTests.a in Frameworks */,
			);
			runOnlyForDeploymentPostprocessing = 0;
		};
		80D1B9B21FDD7A3E00B751A9 /* Frameworks */ = {
			isa = PBXFrameworksBuildPhase;
			buildActionMask = 2147483647;
			files = (
				B435A5FF3A3D28FCB0F91075 /* libPods-WritingEducationUITests.a in Frameworks */,
			);
			runOnlyForDeploymentPostprocessing = 0;
		};
/* End PBXFrameworksBuildPhase section */

/* Begin PBXGroup section */
		2BEECB0194CFD210FC12F370 /* Frameworks */ = {
			isa = PBXGroup;
			children = (
				03DDA49AC1726E4FCE41B307 /* libPods-WritingEducation.a */,
				35CC8CCBA6D48E768E9D4301 /* libPods-WritingEducationTests.a */,
				7708D7AB12BF04351C67E59B /* libPods-WritingEducationUITests.a */,
			);
			name = Frameworks;
			sourceTree = "<group>";
		};
		8036C9D61FDE815D00AD2341 /* Manager */ = {
			isa = PBXGroup;
			children = (
			);
			path = Manager;
			sourceTree = "<group>";
		};
		8036C9D71FDE815D00AD2341 /* Modules */ = {
			isa = PBXGroup;
			children = (
				8036C9D81FDE815D00AD2341 /* Login */,
			);
			path = Modules;
			sourceTree = "<group>";
		};
		8036C9D81FDE815D00AD2341 /* Login */ = {
			isa = PBXGroup;
			children = (
				8036C9D91FDE815D00AD2341 /* Models */,
				8036C9DA1FDE815D00AD2341 /* Controllers */,
				8036C9DD1FDE815D00AD2341 /* Views */,
			);
			path = Login;
			sourceTree = "<group>";
		};
		8036C9D91FDE815D00AD2341 /* Models */ = {
			isa = PBXGroup;
			children = (
			);
			path = Models;
			sourceTree = "<group>";
		};
		8036C9DA1FDE815D00AD2341 /* Controllers */ = {
			isa = PBXGroup;
			children = (
				8036C9EF1FDE829800AD2341 /* LoginViewController.h */,
				8036C9F01FDE829800AD2341 /* LoginViewController.m */,
			);
			path = Controllers;
			sourceTree = "<group>";
		};
		8036C9DD1FDE815D00AD2341 /* Views */ = {
			isa = PBXGroup;
			children = (
			);
			path = Views;
			sourceTree = "<group>";
		};
		8036C9DE1FDE815D00AD2341 /* Tools */ = {
			isa = PBXGroup;
			children = (
			);
			path = Tools;
			sourceTree = "<group>";
		};
		8036C9DF1FDE815D00AD2341 /* Vender */ = {
			isa = PBXGroup;
			children = (
			);
			path = Vender;
			sourceTree = "<group>";
		};
		8036C9E01FDE815D00AD2341 /* Define */ = {
			isa = PBXGroup;
			children = (
				8036C9FC1FDE9FBA00AD2341 /* DefineMacro.h */,
			);
			path = Define;
			sourceTree = "<group>";
		};
		8036C9E11FDE815D00AD2341 /* Category */ = {
			isa = PBXGroup;
			children = (
			);
			path = Category;
			sourceTree = "<group>";
		};
		8036C9F21FDE830000AD2341 /* Base */ = {
			isa = PBXGroup;
			children = (
				8036C9F31FDE830000AD2341 /* BaseView.m */,
				8036C9F51FDE830000AD2341 /* BaseView.h */,
				8036C9F61FDE830000AD2341 /* BaseViewController.h */,
				8036C9F41FDE830000AD2341 /* BaseViewController.m */,
				8036CA2E1FDECB6900AD2341 /* InputImageView.h */,
				8036CA2F1FDECB6900AD2341 /* InputImageView.m */,
			);
			name = Base;
			path = WritingEducation/Base;
			sourceTree = SOURCE_ROOT;
		};
		8036C9F91FDE833200AD2341 /* AppDelegate */ = {
			isa = PBXGroup;
			children = (
				802D416F1FDD7C850056FDF6 /* AppDelegate.h */,
				802D41751FDD7C860056FDF6 /* AppDelegate.m */,
			);
			path = AppDelegate;
			sourceTree = "<group>";
		};
		8036C9FA1FDE835700AD2341 /* SourceFile */ = {
			isa = PBXGroup;
			children = (
				8036C9FD1FDEB9EE00AD2341 /* Picture */,
				802D41761FDD7C860056FDF6 /* Assets.xcassets */,
				802D41701FDD7C850056FDF6 /* Info.plist */,
				802D41711FDD7C860056FDF6 /* main.m */,
				80D1B9A01FDD7A3D00B751A9 /* LaunchScreen.storyboard */,
			);
			path = SourceFile;
			sourceTree = "<group>";
		};
		8036C9FB1FDE8B4200AD2341 /* Common */ = {
			isa = PBXGroup;
			children = (
			);
			path = Common;
			sourceTree = "<group>";
		};
		8036C9FD1FDEB9EE00AD2341 /* Picture */ = {
			isa = PBXGroup;
			children = (
				8036CA0C1FDEBA3300AD2341 /* 1.png */,
				8036CA001FDEBA3200AD2341 /* 2.png */,
				8036CA041FDEBA3200AD2341 /* 3.png */,
				8036CA061FDEBA3300AD2341 /* 4.png */,
				8036CA121FDEBA3400AD2341 /* 5.png */,
				8036CA111FDEBA3400AD2341 /* 6.png */,
				8036CA131FDEBA3400AD2341 /* 7.png */,
				8036CA0E1FDEBA3300AD2341 /* 8.png */,
				8036CA071FDEBA3300AD2341 /* 9.png */,
				8036CA011FDEBA3200AD2341 /* 10.png */,
				8036CA101FDEBA3400AD2341 /* 11.png */,
				8036CA091FDEBA3300AD2341 /* 12.png */,
				8036CA081FDEBA3300AD2341 /* 13.png */,
				8036C9FF1FDEBA3200AD2341 /* 14.png */,
				8036CA141FDEBA3400AD2341 /* 15.png */,
				8036CA051FDEBA3200AD2341 /* 16.png */,
				8036CA021FDEBA3200AD2341 /* 17.png */,
				8036CA0B1FDEBA3300AD2341 /* 18.png */,
				8036CA031FDEBA3200AD2341 /* 19.png */,
				8036C9FE1FDEBA3200AD2341 /* 20.png */,
				8036CA0A1FDEBA3300AD2341 /* 21.png */,
				8036CA0F1FDEBA3300AD2341 /* 22.png */,
				8036CA0D1FDEBA3300AD2341 /* 23.png */,
			);
			path = Picture;
			sourceTree = "<group>";
		};
		80D1B9891FDD7A3D00B751A9 = {
			isa = PBXGroup;
			children = (
				80D1B9941FDD7A3D00B751A9 /* WritingEducation */,
				80D1B9AD1FDD7A3E00B751A9 /* WritingEducationTests */,
				80D1B9B81FDD7A3E00B751A9 /* WritingEducationUITests */,
				80D1B9931FDD7A3D00B751A9 /* Products */,
				AA964CFC59FE64BA0BEC2856 /* Pods */,
				2BEECB0194CFD210FC12F370 /* Frameworks */,
			);
			sourceTree = "<group>";
		};
		80D1B9931FDD7A3D00B751A9 /* Products */ = {
			isa = PBXGroup;
			children = (
				80D1B9921FDD7A3D00B751A9 /* WritingEducation.app */,
				80D1B9AA1FDD7A3D00B751A9 /* WritingEducationTests.xctest */,
				80D1B9B51FDD7A3E00B751A9 /* WritingEducationUITests.xctest */,
			);
			name = Products;
			sourceTree = "<group>";
		};
		80D1B9941FDD7A3D00B751A9 /* WritingEducation */ = {
			isa = PBXGroup;
			children = (
				8036C9FB1FDE8B4200AD2341 /* Common */,
				8036C9F91FDE833200AD2341 /* AppDelegate */,
				8036C9F21FDE830000AD2341 /* Base */,
				8036C9E11FDE815D00AD2341 /* Category */,
				8036C9E01FDE815D00AD2341 /* Define */,
				8036C9D61FDE815D00AD2341 /* Manager */,
				8036C9D71FDE815D00AD2341 /* Modules */,
				8036C9DE1FDE815D00AD2341 /* Tools */,
				8036C9DF1FDE815D00AD2341 /* Vender */,
				8036C9FA1FDE835700AD2341 /* SourceFile */,
			);
			path = WritingEducation;
			sourceTree = "<group>";
		};
		80D1B9AD1FDD7A3E00B751A9 /* WritingEducationTests */ = {
			isa = PBXGroup;
			children = (
				80D1B9AE1FDD7A3E00B751A9 /* WritingEducationTests.m */,
				80D1B9B01FDD7A3E00B751A9 /* Info.plist */,
			);
			path = WritingEducationTests;
			sourceTree = "<group>";
		};
		80D1B9B81FDD7A3E00B751A9 /* WritingEducationUITests */ = {
			isa = PBXGroup;
			children = (
				80D1B9B91FDD7A3E00B751A9 /* WritingEducationUITests.m */,
				80D1B9BB1FDD7A3E00B751A9 /* Info.plist */,
			);
			path = WritingEducationUITests;
			sourceTree = "<group>";
		};
		AA964CFC59FE64BA0BEC2856 /* Pods */ = {
			isa = PBXGroup;
			children = (
				4F9D79B255D2064D420973A7 /* Pods-WritingEducation.debug.xcconfig */,
				14C9C4CC17EECDEFE69705B3 /* Pods-WritingEducation.release.xcconfig */,
				596C5BAB8079C7BE3E6504F4 /* Pods-WritingEducationTests.debug.xcconfig */,
				D965B39D11124CFBCB580D46 /* Pods-WritingEducationTests.release.xcconfig */,
				45FA9C3C6EC2BE878FE26AD1 /* Pods-WritingEducationUITests.debug.xcconfig */,
				9EB41FCBD2043782F5D01BE6 /* Pods-WritingEducationUITests.release.xcconfig */,
			);
			name = Pods;
			sourceTree = "<group>";
		};
/* End PBXGroup section */

/* Begin PBXNativeTarget section */
		80D1B9911FDD7A3D00B751A9 /* WritingEducation */ = {
			isa = PBXNativeTarget;
			buildConfigurationList = 80D1B9BE1FDD7A3E00B751A9 /* Build configuration list for PBXNativeTarget "WritingEducation" */;
			buildPhases = (
				406959E8E653296328FA36BA /* [CP] Check Pods Manifest.lock */,
				80D1B98E1FDD7A3D00B751A9 /* Sources */,
				80D1B98F1FDD7A3D00B751A9 /* Frameworks */,
				80D1B9901FDD7A3D00B751A9 /* Resources */,
				7FFC1899419C922EEFD576E8 /* [CP] Embed Pods Frameworks */,
				BD327D2542EBFD5B5A15CE5F /* [CP] Copy Pods Resources */,
			);
			buildRules = (
			);
			dependencies = (
			);
			name = WritingEducation;
			productName = WritingEducation;
			productReference = 80D1B9921FDD7A3D00B751A9 /* WritingEducation.app */;
			productType = "com.apple.product-type.application";
		};
		80D1B9A91FDD7A3D00B751A9 /* WritingEducationTests */ = {
			isa = PBXNativeTarget;
			buildConfigurationList = 80D1B9C11FDD7A3E00B751A9 /* Build configuration list for PBXNativeTarget "WritingEducationTests" */;
			buildPhases = (
				D3618EA7D75A46A2FD222117 /* [CP] Check Pods Manifest.lock */,
				80D1B9A61FDD7A3D00B751A9 /* Sources */,
				80D1B9A71FDD7A3D00B751A9 /* Frameworks */,
				80D1B9A81FDD7A3D00B751A9 /* Resources */,
				29FE580BB92D4ADDA605F2B2 /* [CP] Embed Pods Frameworks */,
				501A012FF33DD7B01A1ECDD8 /* [CP] Copy Pods Resources */,
			);
			buildRules = (
			);
			dependencies = (
				80D1B9AC1FDD7A3D00B751A9 /* PBXTargetDependency */,
			);
			name = WritingEducationTests;
			productName = WritingEducationTests;
			productReference = 80D1B9AA1FDD7A3D00B751A9 /* WritingEducationTests.xctest */;
			productType = "com.apple.product-type.bundle.unit-test";
		};
		80D1B9B41FDD7A3E00B751A9 /* WritingEducationUITests */ = {
			isa = PBXNativeTarget;
			buildConfigurationList = 80D1B9C41FDD7A3E00B751A9 /* Build configuration list for PBXNativeTarget "WritingEducationUITests" */;
			buildPhases = (
				B257F0273B0C1744456A7017 /* [CP] Check Pods Manifest.lock */,
				80D1B9B11FDD7A3E00B751A9 /* Sources */,
				80D1B9B21FDD7A3E00B751A9 /* Frameworks */,
				80D1B9B31FDD7A3E00B751A9 /* Resources */,
				E8A7D828E4B8B39EE6930FE2 /* [CP] Embed Pods Frameworks */,
				8FF0F015DB80233CEB737F60 /* [CP] Copy Pods Resources */,
			);
			buildRules = (
			);
			dependencies = (
				80D1B9B71FDD7A3E00B751A9 /* PBXTargetDependency */,
			);
			name = WritingEducationUITests;
			productName = WritingEducationUITests;
			productReference = 80D1B9B51FDD7A3E00B751A9 /* WritingEducationUITests.xctest */;
			productType = "com.apple.product-type.bundle.ui-testing";
		};
/* End PBXNativeTarget section */

/* Begin PBXProject section */
		80D1B98A1FDD7A3D00B751A9 /* Project object */ = {
			isa = PBXProject;
			attributes = {
				LastUpgradeCheck = 0920;
				ORGANIZATIONNAME = qzhangmichael;
				TargetAttributes = {
					80D1B9911FDD7A3D00B751A9 = {
						CreatedOnToolsVersion = 9.2;
						ProvisioningStyle = Automatic;
					};
					80D1B9A91FDD7A3D00B751A9 = {
						CreatedOnToolsVersion = 9.2;
						ProvisioningStyle = Automatic;
						TestTargetID = 80D1B9911FDD7A3D00B751A9;
					};
					80D1B9B41FDD7A3E00B751A9 = {
						CreatedOnToolsVersion = 9.2;
						ProvisioningStyle = Automatic;
						TestTargetID = 80D1B9911FDD7A3D00B751A9;
					};
				};
			};
			buildConfigurationList = 80D1B98D1FDD7A3D00B751A9 /* Build configuration list for PBXProject "WritingEducation" */;
			compatibilityVersion = "Xcode 8.0";
			developmentRegion = en;
			hasScannedForEncodings = 0;
			knownRegions = (
				en,
				Base,
			);
			mainGroup = 80D1B9891FDD7A3D00B751A9;
			productRefGroup = 80D1B9931FDD7A3D00B751A9 /* Products */;
			projectDirPath = "";
			projectRoot = "";
			targets = (
				80D1B9911FDD7A3D00B751A9 /* WritingEducation */,
				80D1B9A91FDD7A3D00B751A9 /* WritingEducationTests */,
				80D1B9B41FDD7A3E00B751A9 /* WritingEducationUITests */,
			);
		};
/* End PBXProject section */

/* Begin PBXResourcesBuildPhase section */
		80D1B9901FDD7A3D00B751A9 /* Resources */ = {
			isa = PBXResourcesBuildPhase;
			buildActionMask = 2147483647;
			files = (
				8036CA281FDEBA3400AD2341 /* 6.png in Resources */,
				8036CA221FDEBA3400AD2341 /* 18.png in Resources */,
				8036CA201FDEBA3400AD2341 /* 12.png in Resources */,
				8036CA241FDEBA3400AD2341 /* 23.png in Resources */,
				8036CA1E1FDEBA3400AD2341 /* 9.png in Resources */,
				8036CA261FDEBA3400AD2341 /* 22.png in Resources */,
				8036CA181FDEBA3400AD2341 /* 10.png in Resources */,
				8036CA191FDEBA3400AD2341 /* 17.png in Resources */,
				8036CA251FDEBA3400AD2341 /* 8.png in Resources */,
				8036CA211FDEBA3400AD2341 /* 21.png in Resources */,
				8036CA1A1FDEBA3400AD2341 /* 19.png in Resources */,
				8036CA291FDEBA3400AD2341 /* 5.png in Resources */,
				8036CA1B1FDEBA3400AD2341 /* 3.png in Resources */,
				8036CA1F1FDEBA3400AD2341 /* 13.png in Resources */,
				8036CA231FDEBA3400AD2341 /* 1.png in Resources */,
				8036CA2B1FDEBA3400AD2341 /* 15.png in Resources */,
				80D1B9A21FDD7A3D00B751A9 /* LaunchScreen.storyboard in Resources */,
				8036CA2A1FDEBA3400AD2341 /* 7.png in Resources */,
				8036CA161FDEBA3400AD2341 /* 14.png in Resources */,
				8036CA271FDEBA3400AD2341 /* 11.png in Resources */,
				8036CA171FDEBA3400AD2341 /* 2.png in Resources */,
				8036CA151FDEBA3400AD2341 /* 20.png in Resources */,
				8036CA1D1FDEBA3400AD2341 /* 4.png in Resources */,
				8036CA1C1FDEBA3400AD2341 /* 16.png in Resources */,
			);
			runOnlyForDeploymentPostprocessing = 0;
		};
		80D1B9A81FDD7A3D00B751A9 /* Resources */ = {
			isa = PBXResourcesBuildPhase;
			buildActionMask = 2147483647;
			files = (
			);
			runOnlyForDeploymentPostprocessing = 0;
		};
		80D1B9B31FDD7A3E00B751A9 /* Resources */ = {
			isa = PBXResourcesBuildPhase;
			buildActionMask = 2147483647;
			files = (
			);
			runOnlyForDeploymentPostprocessing = 0;
		};
/* End PBXResourcesBuildPhase section */

/* Begin PBXShellScriptBuildPhase section */
		29FE580BB92D4ADDA605F2B2 /* [CP] Embed Pods Frameworks */ = {
			isa = PBXShellScriptBuildPhase;
			buildActionMask = 2147483647;
			files = (
			);
			inputPaths = (
			);
			name = "[CP] Embed Pods Frameworks";
			outputPaths = (
			);
			runOnlyForDeploymentPostprocessing = 0;
			shellPath = /bin/sh;
			shellScript = "\"${SRCROOT}/Pods/Target Support Files/Pods-WritingEducationTests/Pods-WritingEducationTests-frameworks.sh\"\n";
			showEnvVarsInLog = 0;
		};
		406959E8E653296328FA36BA /* [CP] Check Pods Manifest.lock */ = {
			isa = PBXShellScriptBuildPhase;
			buildActionMask = 2147483647;
			files = (
			);
			inputPaths = (
				"${PODS_PODFILE_DIR_PATH}/Podfile.lock",
				"${PODS_ROOT}/Manifest.lock",
			);
			name = "[CP] Check Pods Manifest.lock";
			outputPaths = (
				"$(DERIVED_FILE_DIR)/Pods-WritingEducation-checkManifestLockResult.txt",
			);
			runOnlyForDeploymentPostprocessing = 0;
			shellPath = /bin/sh;
			shellScript = "diff \"${PODS_PODFILE_DIR_PATH}/Podfile.lock\" \"${PODS_ROOT}/Manifest.lock\" > /dev/null\nif [ $? != 0 ] ; then\n    # print error to STDERR\n    echo \"error: The sandbox is not in sync with the Podfile.lock. Run 'pod install' or update your CocoaPods installation.\" >&2\n    exit 1\nfi\n# This output is used by Xcode 'outputs' to avoid re-running this script phase.\necho \"SUCCESS\" > \"${SCRIPT_OUTPUT_FILE_0}\"\n";
			showEnvVarsInLog = 0;
		};
		501A012FF33DD7B01A1ECDD8 /* [CP] Copy Pods Resources */ = {
			isa = PBXShellScriptBuildPhase;
			buildActionMask = 2147483647;
			files = (
			);
			inputPaths = (
			);
			name = "[CP] Copy Pods Resources";
			outputPaths = (
			);
			runOnlyForDeploymentPostprocessing = 0;
			shellPath = /bin/sh;
			shellScript = "\"${SRCROOT}/Pods/Target Support Files/Pods-WritingEducationTests/Pods-WritingEducationTests-resources.sh\"\n";
			showEnvVarsInLog = 0;
		};
		7FFC1899419C922EEFD576E8 /* [CP] Embed Pods Frameworks */ = {
			isa = PBXShellScriptBuildPhase;
			buildActionMask = 2147483647;
			files = (
			);
			inputPaths = (
			);
			name = "[CP] Embed Pods Frameworks";
			outputPaths = (
			);
			runOnlyForDeploymentPostprocessing = 0;
			shellPath = /bin/sh;
			shellScript = "\"${SRCROOT}/Pods/Target Support Files/Pods-WritingEducation/Pods-WritingEducation-frameworks.sh\"\n";
			showEnvVarsInLog = 0;
		};
		8FF0F015DB80233CEB737F60 /* [CP] Copy Pods Resources */ = {
			isa = PBXShellScriptBuildPhase;
			buildActionMask = 2147483647;
			files = (
			);
			inputPaths = (
			);
			name = "[CP] Copy Pods Resources";
			outputPaths = (
			);
			runOnlyForDeploymentPostprocessing = 0;
			shellPath = /bin/sh;
			shellScript = "\"${SRCROOT}/Pods/Target Support Files/Pods-WritingEducationUITests/Pods-WritingEducationUITests-resources.sh\"\n";
			showEnvVarsInLog = 0;
		};
		B257F0273B0C1744456A7017 /* [CP] Check Pods Manifest.lock */ = {
			isa = PBXShellScriptBuildPhase;
			buildActionMask = 2147483647;
			files = (
			);
			inputPaths = (
				"${PODS_PODFILE_DIR_PATH}/Podfile.lock",
				"${PODS_ROOT}/Manifest.lock",
			);
			name = "[CP] Check Pods Manifest.lock";
			outputPaths = (
				"$(DERIVED_FILE_DIR)/Pods-WritingEducationUITests-checkManifestLockResult.txt",
			);
			runOnlyForDeploymentPostprocessing = 0;
			shellPath = /bin/sh;
			shellScript = "diff \"${PODS_PODFILE_DIR_PATH}/Podfile.lock\" \"${PODS_ROOT}/Manifest.lock\" > /dev/null\nif [ $? != 0 ] ; then\n    # print error to STDERR\n    echo \"error: The sandbox is not in sync with the Podfile.lock. Run 'pod install' or update your CocoaPods installation.\" >&2\n    exit 1\nfi\n# This output is used by Xcode 'outputs' to avoid re-running this script phase.\necho \"SUCCESS\" > \"${SCRIPT_OUTPUT_FILE_0}\"\n";
			showEnvVarsInLog = 0;
		};
		BD327D2542EBFD5B5A15CE5F /* [CP] Copy Pods Resources */ = {
			isa = PBXShellScriptBuildPhase;
			buildActionMask = 2147483647;
			files = (
			);
			inputPaths = (
			);
			name = "[CP] Copy Pods Resources";
			outputPaths = (
			);
			runOnlyForDeploymentPostprocessing = 0;
			shellPath = /bin/sh;
			shellScript = "\"${SRCROOT}/Pods/Target Support Files/Pods-WritingEducation/Pods-WritingEducation-resources.sh\"\n";
			showEnvVarsInLog = 0;
		};
		D3618EA7D75A46A2FD222117 /* [CP] Check Pods Manifest.lock */ = {
			isa = PBXShellScriptBuildPhase;
			buildActionMask = 2147483647;
			files = (
			);
			inputPaths = (
				"${PODS_PODFILE_DIR_PATH}/Podfile.lock",
				"${PODS_ROOT}/Manifest.lock",
			);
			name = "[CP] Check Pods Manifest.lock";
			outputPaths = (
				"$(DERIVED_FILE_DIR)/Pods-WritingEducationTests-checkManifestLockResult.txt",
			);
			runOnlyForDeploymentPostprocessing = 0;
			shellPath = /bin/sh;
			shellScript = "diff \"${PODS_PODFILE_DIR_PATH}/Podfile.lock\" \"${PODS_ROOT}/Manifest.lock\" > /dev/null\nif [ $? != 0 ] ; then\n    # print error to STDERR\n    echo \"error: The sandbox is not in sync with the Podfile.lock. Run 'pod install' or update your CocoaPods installation.\" >&2\n    exit 1\nfi\n# This output is used by Xcode 'outputs' to avoid re-running this script phase.\necho \"SUCCESS\" > \"${SCRIPT_OUTPUT_FILE_0}\"\n";
			showEnvVarsInLog = 0;
		};
		E8A7D828E4B8B39EE6930FE2 /* [CP] Embed Pods Frameworks */ = {
			isa = PBXShellScriptBuildPhase;
			buildActionMask = 2147483647;
			files = (
			);
			inputPaths = (
			);
			name = "[CP] Embed Pods Frameworks";
			outputPaths = (
			);
			runOnlyForDeploymentPostprocessing = 0;
			shellPath = /bin/sh;
			shellScript = "\"${SRCROOT}/Pods/Target Support Files/Pods-WritingEducationUITests/Pods-WritingEducationUITests-frameworks.sh\"\n";
			showEnvVarsInLog = 0;
		};
/* End PBXShellScriptBuildPhase section */

/* Begin PBXSourcesBuildPhase section */
		80D1B98E1FDD7A3D00B751A9 /* Sources */ = {
			isa = PBXSourcesBuildPhase;
			buildActionMask = 2147483647;
			files = (
				802D41771FDD7C860056FDF6 /* main.m in Sources */,
				8036CA301FDECB6900AD2341 /* InputImageView.m in Sources */,
				802D41781FDD7C860056FDF6 /* AppDelegate.m in Sources */,
				8036C9F11FDE829800AD2341 /* LoginViewController.m in Sources */,
				8036C9F81FDE830000AD2341 /* BaseViewController.m in Sources */,
				8036C9F71FDE830000AD2341 /* BaseView.m in Sources */,
			);
			runOnlyForDeploymentPostprocessing = 0;
		};
		80D1B9A61FDD7A3D00B751A9 /* Sources */ = {
			isa = PBXSourcesBuildPhase;
			buildActionMask = 2147483647;
			files = (
				80D1B9AF1FDD7A3E00B751A9 /* WritingEducationTests.m in Sources */,
			);
			runOnlyForDeploymentPostprocessing = 0;
		};
		80D1B9B11FDD7A3E00B751A9 /* Sources */ = {
			isa = PBXSourcesBuildPhase;
			buildActionMask = 2147483647;
			files = (
				80D1B9BA1FDD7A3E00B751A9 /* WritingEducationUITests.m in Sources */,
			);
			runOnlyForDeploymentPostprocessing = 0;
		};
/* End PBXSourcesBuildPhase section */

/* Begin PBXTargetDependency section */
		80D1B9AC1FDD7A3D00B751A9 /* PBXTargetDependency */ = {
			isa = PBXTargetDependency;
			target = 80D1B9911FDD7A3D00B751A9 /* WritingEducation */;
			targetProxy = 80D1B9AB1FDD7A3D00B751A9 /* PBXContainerItemProxy */;
		};
		80D1B9B71FDD7A3E00B751A9 /* PBXTargetDependency */ = {
			isa = PBXTargetDependency;
			target = 80D1B9911FDD7A3D00B751A9 /* WritingEducation */;
			targetProxy = 80D1B9B61FDD7A3E00B751A9 /* PBXContainerItemProxy */;
		};
/* End PBXTargetDependency section */

/* Begin PBXVariantGroup section */
		80D1B9A01FDD7A3D00B751A9 /* LaunchScreen.storyboard */ = {
			isa = PBXVariantGroup;
			children = (
				80D1B9A11FDD7A3D00B751A9 /* Base */,
			);
			name = LaunchScreen.storyboard;
			sourceTree = "<group>";
		};
/* End PBXVariantGroup section */

/* Begin XCBuildConfiguration section */
		80D1B9BC1FDD7A3E00B751A9 /* Debug */ = {
			isa = XCBuildConfiguration;
			buildSettings = {
				ALWAYS_SEARCH_USER_PATHS = NO;
				CLANG_ANALYZER_NONNULL = YES;
				CLANG_ANALYZER_NUMBER_OBJECT_CONVERSION = YES_AGGRESSIVE;
				CLANG_CXX_LANGUAGE_STANDARD = "gnu++14";
				CLANG_CXX_LIBRARY = "libc++";
				CLANG_ENABLE_MODULES = YES;
				CLANG_ENABLE_OBJC_ARC = YES;
				CLANG_WARN_BLOCK_CAPTURE_AUTORELEASING = YES;
				CLANG_WARN_BOOL_CONVERSION = YES;
				CLANG_WARN_COMMA = YES;
				CLANG_WARN_CONSTANT_CONVERSION = YES;
				CLANG_WARN_DIRECT_OBJC_ISA_USAGE = YES_ERROR;
				CLANG_WARN_DOCUMENTATION_COMMENTS = YES;
				CLANG_WARN_EMPTY_BODY = YES;
				CLANG_WARN_ENUM_CONVERSION = YES;
				CLANG_WARN_INFINITE_RECURSION = YES;
				CLANG_WARN_INT_CONVERSION = YES;
				CLANG_WARN_NON_LITERAL_NULL_CONVERSION = YES;
				CLANG_WARN_OBJC_LITERAL_CONVERSION = YES;
				CLANG_WARN_OBJC_ROOT_CLASS = YES_ERROR;
				CLANG_WARN_RANGE_LOOP_ANALYSIS = YES;
				CLANG_WARN_STRICT_PROTOTYPES = YES;
				CLANG_WARN_SUSPICIOUS_MOVE = YES;
				CLANG_WARN_UNGUARDED_AVAILABILITY = YES_AGGRESSIVE;
				CLANG_WARN_UNREACHABLE_CODE = YES;
				CLANG_WARN__DUPLICATE_METHOD_MATCH = YES;
				CODE_SIGN_IDENTITY = "iPhone Developer";
				COPY_PHASE_STRIP = NO;
				DEBUG_INFORMATION_FORMAT = dwarf;
				ENABLE_STRICT_OBJC_MSGSEND = YES;
				ENABLE_TESTABILITY = YES;
				GCC_C_LANGUAGE_STANDARD = gnu11;
				GCC_DYNAMIC_NO_PIC = NO;
				GCC_NO_COMMON_BLOCKS = YES;
				GCC_OPTIMIZATION_LEVEL = 0;
				GCC_PREPROCESSOR_DEFINITIONS = (
					"DEBUG=1",
					"$(inherited)",
				);
				GCC_WARN_64_TO_32_BIT_CONVERSION = YES;
				GCC_WARN_ABOUT_RETURN_TYPE = YES_ERROR;
				GCC_WARN_UNDECLARED_SELECTOR = YES;
				GCC_WARN_UNINITIALIZED_AUTOS = YES_AGGRESSIVE;
				GCC_WARN_UNUSED_FUNCTION = YES;
				GCC_WARN_UNUSED_VARIABLE = YES;
				IPHONEOS_DEPLOYMENT_TARGET = 11.2;
				MTL_ENABLE_DEBUG_INFO = YES;
				ONLY_ACTIVE_ARCH = YES;
				SDKROOT = iphoneos;
			};
			name = Debug;
		};
		80D1B9BD1FDD7A3E00B751A9 /* Release */ = {
			isa = XCBuildConfiguration;
			buildSettings = {
				ALWAYS_SEARCH_USER_PATHS = NO;
				CLANG_ANALYZER_NONNULL = YES;
				CLANG_ANALYZER_NUMBER_OBJECT_CONVERSION = YES_AGGRESSIVE;
				CLANG_CXX_LANGUAGE_STANDARD = "gnu++14";
				CLANG_CXX_LIBRARY = "libc++";
				CLANG_ENABLE_MODULES = YES;
				CLANG_ENABLE_OBJC_ARC = YES;
				CLANG_WARN_BLOCK_CAPTURE_AUTORELEASING = YES;
				CLANG_WARN_BOOL_CONVERSION = YES;
				CLANG_WARN_COMMA = YES;
				CLANG_WARN_CONSTANT_CONVERSION = YES;
				CLANG_WARN_DIRECT_OBJC_ISA_USAGE = YES_ERROR;
				CLANG_WARN_DOCUMENTATION_COMMENTS = YES;
				CLANG_WARN_EMPTY_BODY = YES;
				CLANG_WARN_ENUM_CONVERSION = YES;
				CLANG_WARN_INFINITE_RECURSION = YES;
				CLANG_WARN_INT_CONVERSION = YES;
				CLANG_WARN_NON_LITERAL_NULL_CONVERSION = YES;
				CLANG_WARN_OBJC_LITERAL_CONVERSION = YES;
				CLANG_WARN_OBJC_ROOT_CLASS = YES_ERROR;
				CLANG_WARN_RANGE_LOOP_ANALYSIS = YES;
				CLANG_WARN_STRICT_PROTOTYPES = YES;
				CLANG_WARN_SUSPICIOUS_MOVE = YES;
				CLANG_WARN_UNGUARDED_AVAILABILITY = YES_AGGRESSIVE;
				CLANG_WARN_UNREACHABLE_CODE = YES;
				CLANG_WARN__DUPLICATE_METHOD_MATCH = YES;
				CODE_SIGN_IDENTITY = "iPhone Developer";
				COPY_PHASE_STRIP = NO;
				DEBUG_INFORMATION_FORMAT = "dwarf-with-dsym";
				ENABLE_NS_ASSERTIONS = NO;
				ENABLE_STRICT_OBJC_MSGSEND = YES;
				GCC_C_LANGUAGE_STANDARD = gnu11;
				GCC_NO_COMMON_BLOCKS = YES;
				GCC_WARN_64_TO_32_BIT_CONVERSION = YES;
				GCC_WARN_ABOUT_RETURN_TYPE = YES_ERROR;
				GCC_WARN_UNDECLARED_SELECTOR = YES;
				GCC_WARN_UNINITIALIZED_AUTOS = YES_AGGRESSIVE;
				GCC_WARN_UNUSED_FUNCTION = YES;
				GCC_WARN_UNUSED_VARIABLE = YES;
				IPHONEOS_DEPLOYMENT_TARGET = 11.2;
				MTL_ENABLE_DEBUG_INFO = NO;
				SDKROOT = iphoneos;
				VALIDATE_PRODUCT = YES;
			};
			name = Release;
		};
		80D1B9BF1FDD7A3E00B751A9 /* Debug */ = {
			isa = XCBuildConfiguration;
			baseConfigurationReference = 4F9D79B255D2064D420973A7 /* Pods-WritingEducation.debug.xcconfig */;
			buildSettings = {
				CODE_SIGN_STYLE = Automatic;
				HEADER_SEARCH_PATHS = (
					"$(inherited)",
					"\"${PODS_ROOT}/Headers/Public\"",
				);
				INFOPLIST_FILE = WritingEducation/SourceFile/Info.plist;
				LD_RUNPATH_SEARCH_PATHS = "$(inherited) @executable_path/Frameworks";
				PRODUCT_BUNDLE_IDENTIFIER = com.sany.WritingEducation;
				PRODUCT_NAME = "$(TARGET_NAME)";
				TARGETED_DEVICE_FAMILY = "1,2";
			};
			name = Debug;
		};
		80D1B9C01FDD7A3E00B751A9 /* Release */ = {
			isa = XCBuildConfiguration;
			baseConfigurationReference = 14C9C4CC17EECDEFE69705B3 /* Pods-WritingEducation.release.xcconfig */;
			buildSettings = {
				CODE_SIGN_STYLE = Automatic;
				HEADER_SEARCH_PATHS = (
					"$(inherited)",
					"\"${PODS_ROOT}/Headers/Public\"",
				);
				INFOPLIST_FILE = WritingEducation/SourceFile/Info.plist;
				LD_RUNPATH_SEARCH_PATHS = "$(inherited) @executable_path/Frameworks";
				PRODUCT_BUNDLE_IDENTIFIER = com.sany.WritingEducation;
				PRODUCT_NAME = "$(TARGET_NAME)";
				TARGETED_DEVICE_FAMILY = "1,2";
			};
			name = Release;
		};
		80D1B9C21FDD7A3E00B751A9 /* Debug */ = {
			isa = XCBuildConfiguration;
			baseConfigurationReference = 596C5BAB8079C7BE3E6504F4 /* Pods-WritingEducationTests.debug.xcconfig */;
			buildSettings = {
				BUNDLE_LOADER = "$(TEST_HOST)";
				CODE_SIGN_STYLE = Automatic;
				INFOPLIST_FILE = WritingEducationTests/Info.plist;
				LD_RUNPATH_SEARCH_PATHS = "$(inherited) @executable_path/Frameworks @loader_path/Frameworks";
				PRODUCT_BUNDLE_IDENTIFIER = com.sany.WritingEducation.WritingEducationTests;
				PRODUCT_NAME = "$(TARGET_NAME)";
				TARGETED_DEVICE_FAMILY = "1,2";
				TEST_HOST = "$(BUILT_PRODUCTS_DIR)/WritingEducation.app/WritingEducation";
			};
			name = Debug;
		};
		80D1B9C31FDD7A3E00B751A9 /* Release */ = {
			isa = XCBuildConfiguration;
			baseConfigurationReference = D965B39D11124CFBCB580D46 /* Pods-WritingEducationTests.release.xcconfig */;
			buildSettings = {
				BUNDLE_LOADER = "$(TEST_HOST)";
				CODE_SIGN_STYLE = Automatic;
				INFOPLIST_FILE = WritingEducationTests/Info.plist;
				LD_RUNPATH_SEARCH_PATHS = "$(inherited) @executable_path/Frameworks @loader_path/Frameworks";
				PRODUCT_BUNDLE_IDENTIFIER = com.sany.WritingEducation.WritingEducationTests;
				PRODUCT_NAME = "$(TARGET_NAME)";
				TARGETED_DEVICE_FAMILY = "1,2";
				TEST_HOST = "$(BUILT_PRODUCTS_DIR)/WritingEducation.app/WritingEducation";
			};
			name = Release;
		};
		80D1B9C51FDD7A3E00B751A9 /* Debug */ = {
			isa = XCBuildConfiguration;
			baseConfigurationReference = 45FA9C3C6EC2BE878FE26AD1 /* Pods-WritingEducationUITests.debug.xcconfig */;
			buildSettings = {
				CODE_SIGN_STYLE = Automatic;
				INFOPLIST_FILE = WritingEducationUITests/Info.plist;
				LD_RUNPATH_SEARCH_PATHS = "$(inherited) @executable_path/Frameworks @loader_path/Frameworks";
				PRODUCT_BUNDLE_IDENTIFIER = com.sany.WritingEducation.WritingEducationUITests;
				PRODUCT_NAME = "$(TARGET_NAME)";
				TARGETED_DEVICE_FAMILY = "1,2";
				TEST_TARGET_NAME = WritingEducation;
			};
			name = Debug;
		};
		80D1B9C61FDD7A3E00B751A9 /* Release */ = {
			isa = XCBuildConfiguration;
			baseConfigurationReference = 9EB41FCBD2043782F5D01BE6 /* Pods-WritingEducationUITests.release.xcconfig */;
			buildSettings = {
				CODE_SIGN_STYLE = Automatic;
				INFOPLIST_FILE = WritingEducationUITests/Info.plist;
				LD_RUNPATH_SEARCH_PATHS = "$(inherited) @executable_path/Frameworks @loader_path/Frameworks";
				PRODUCT_BUNDLE_IDENTIFIER = com.sany.WritingEducation.WritingEducationUITests;
				PRODUCT_NAME = "$(TARGET_NAME)";
				TARGETED_DEVICE_FAMILY = "1,2";
				TEST_TARGET_NAME = WritingEducation;
			};
			name = Release;
		};
/* End XCBuildConfiguration section */

/* Begin XCConfigurationList section */
		80D1B98D1FDD7A3D00B751A9 /* Build configuration list for PBXProject "WritingEducation" */ = {
			isa = XCConfigurationList;
			buildConfigurations = (
				80D1B9BC1FDD7A3E00B751A9 /* Debug */,
				80D1B9BD1FDD7A3E00B751A9 /* Release */,
			);
			defaultConfigurationIsVisible = 0;
			defaultConfigurationName = Release;
		};
		80D1B9BE1FDD7A3E00B751A9 /* Build configuration list for PBXNativeTarget "WritingEducation" */ = {
			isa = XCConfigurationList;
			buildConfigurations = (
				80D1B9BF1FDD7A3E00B751A9 /* Debug */,
				80D1B9C01FDD7A3E00B751A9 /* Release */,
			);
			defaultConfigurationIsVisible = 0;
			defaultConfigurationName = Release;
		};
		80D1B9C11FDD7A3E00B751A9 /* Build configuration list for PBXNativeTarget "WritingEducationTests" */ = {
			isa = XCConfigurationList;
			buildConfigurations = (
				80D1B9C21FDD7A3E00B751A9 /* Debug */,
				80D1B9C31FDD7A3E00B751A9 /* Release */,
			);
			defaultConfigurationIsVisible = 0;
			defaultConfigurationName = Release;
		};
		80D1B9C41FDD7A3E00B751A9 /* Build configuration list for PBXNativeTarget "WritingEducationUITests" */ = {
			isa = XCConfigurationList;
			buildConfigurations = (
				80D1B9C51FDD7A3E00B751A9 /* Debug */,
				80D1B9C61FDD7A3E00B751A9 /* Release */,
			);
			defaultConfigurationIsVisible = 0;
			defaultConfigurationName = Release;
		};
/* End XCConfigurationList section */
	};
	rootObject = 80D1B98A1FDD7A3D00B751A9 /* Project object */;
}
